// !$*UTF8*$!
{
	archiveVersion = 1;
	classes = {
	};
	objectVersion = 46;
	objects = {

/* Begin PBXBuildFile section */
		681EE4CD17F9A48100952372 /* apple_file_manager.mm in Sources */ = {isa = PBXBuildFile; fileRef = 681EE4B017F9A48100952372 /* apple_file_manager.mm */; };
		681EE4CE17F9A48100952372 /* eassert.cpp in Sources */ = {isa = PBXBuildFile; fileRef = 681EE4B117F9A48100952372 /* eassert.cpp */; };
		681EE4CF17F9A48100952372 /* elog.cpp in Sources */ = {isa = PBXBuildFile; fileRef = 681EE4B217F9A48100952372 /* elog.cpp */; };
		681EE4D117F9A48100952372 /* emem.cpp in Sources */ = {isa = PBXBuildFile; fileRef = 681EE4B417F9A48100952372 /* emem.cpp */; };
		681EE4D317F9A48100952372 /* estring.cpp in Sources */ = {isa = PBXBuildFile; fileRef = 681EE4B617F9A48100952372 /* estring.cpp */; };
		681EE4D417F9A48100952372 /* exception.cpp in Sources */ = {isa = PBXBuildFile; fileRef = 681EE4B717F9A48100952372 /* exception.cpp */; };
		681EE4D717F9A48100952372 /* hash.cpp in Sources */ = {isa = PBXBuildFile; fileRef = 681EE4BA17F9A48100952372 /* hash.cpp */; };
		681EE4D817F9A48100952372 /* list.cpp in Sources */ = {isa = PBXBuildFile; fileRef = 681EE4BB17F9A48100952372 /* list.cpp */; };
		681EE4DA17F9A48100952372 /* path.cpp in Sources */ = {isa = PBXBuildFile; fileRef = 681EE4BD17F9A48100952372 /* path.cpp */; };
		681EE4DB17F9A48100952372 /* pch.cpp in Sources */ = {isa = PBXBuildFile; fileRef = 681EE4BE17F9A48100952372 /* pch.cpp */; };
		681EE4DC17F9A48100952372 /* prime.cpp in Sources */ = {isa = PBXBuildFile; fileRef = 681EE4BF17F9A48100952372 /* prime.cpp */; };
		681EE4DE17F9A48100952372 /* rtti.cpp in Sources */ = {isa = PBXBuildFile; fileRef = 681EE4C117F9A48100952372 /* rtti.cpp */; };
		681EE4DF17F9A48100952372 /* rwbuffer.cpp in Sources */ = {isa = PBXBuildFile; fileRef = 681EE4C217F9A48100952372 /* rwbuffer.cpp */; };
		681EE4E017F9A48100952372 /* stack.cpp in Sources */ = {isa = PBXBuildFile; fileRef = 681EE4C317F9A48100952372 /* stack.cpp */; };
		681EE4E117F9A48100952372 /* tree.cpp in Sources */ = {isa = PBXBuildFile; fileRef = 681EE4C417F9A48100952372 /* tree.cpp */; };
		681EE4E217F9A48100952372 /* xhn_exception.cpp in Sources */ = {isa = PBXBuildFile; fileRef = 681EE4C517F9A48100952372 /* xhn_exception.cpp */; };
		681EE4E317F9A48100952372 /* xhn_garbage_collector.cpp in Sources */ = {isa = PBXBuildFile; fileRef = 681EE4C617F9A48100952372 /* xhn_garbage_collector.cpp */; };
		681EE4E517F9A48100952372 /* xhn_mem_map.cpp in Sources */ = {isa = PBXBuildFile; fileRef = 681EE4C817F9A48100952372 /* xhn_mem_map.cpp */; };
		681EE4E617F9A48100952372 /* xhn_static_string.cpp in Sources */ = {isa = PBXBuildFile; fileRef = 681EE4C917F9A48100952372 /* xhn_static_string.cpp */; };
		681EE4E717F9A48100952372 /* xhn_string.cpp in Sources */ = {isa = PBXBuildFile; fileRef = 681EE4CA17F9A48100952372 /* xhn_string.cpp */; };
		681EE4E917F9A48100952372 /* xhn_utility.cpp in Sources */ = {isa = PBXBuildFile; fileRef = 681EE4CC17F9A48100952372 /* xhn_utility.cpp */; };
		681EE52417F9A4BA00952372 /* robot_thread.cpp in Sources */ = {isa = PBXBuildFile; fileRef = 681EE52217F9A4BA00952372 /* robot_thread.cpp */; };
		681EE52517F9A4BA00952372 /* robot.cpp in Sources */ = {isa = PBXBuildFile; fileRef = 681EE52317F9A4BA00952372 /* robot.cpp */; };
		681EE52717F9A52000952372 /* Xgc.cpp in Sources */ = {isa = PBXBuildFile; fileRef = 681EE52617F9A52000952372 /* Xgc.cpp */; };
		68F877BE17F9A3F500FAA0DF /* Xgc.1 in CopyFiles */ = {isa = PBXBuildFile; fileRef = 68F877BD17F9A3F500FAA0DF /* Xgc.1 */; };
/* End PBXBuildFile section */

/* Begin PBXCopyFilesBuildPhase section */
		68F877B617F9A3F500FAA0DF /* CopyFiles */ = {
			isa = PBXCopyFilesBuildPhase;
			buildActionMask = 2147483647;
			dstPath = /usr/share/man/man1/;
			dstSubfolderSpec = 0;
			files = (
				68F877BE17F9A3F500FAA0DF /* Xgc.1 in CopyFiles */,
			);
			runOnlyForDeploymentPostprocessing = 1;
		};
/* End PBXCopyFilesBuildPhase section */

/* Begin PBXFileReference section */
		681EE4B017F9A48100952372 /* apple_file_manager.mm */ = {isa = PBXFileReference; fileEncoding = 4; lastKnownFileType = sourcecode.cpp.objcpp; name = apple_file_manager.mm; path = common/src/apple_file_manager.mm; sourceTree = "<group>"; };
		681EE4B117F9A48100952372 /* eassert.cpp */ = {isa = PBXFileReference; fileEncoding = 4; lastKnownFileType = sourcecode.cpp.cpp; name = eassert.cpp; path = common/src/eassert.cpp; sourceTree = "<group>"; };
		681EE4B217F9A48100952372 /* elog.cpp */ = {isa = PBXFileReference; fileEncoding = 4; lastKnownFileType = sourcecode.cpp.cpp; name = elog.cpp; path = common/src/elog.cpp; sourceTree = "<group>"; };
		681EE4B417F9A48100952372 /* emem.cpp */ = {isa = PBXFileReference; fileEncoding = 4; lastKnownFileType = sourcecode.cpp.cpp; name = emem.cpp; path = common/src/emem.cpp; sourceTree = "<group>"; };
		681EE4B617F9A48100952372 /* estring.cpp */ = {isa = PBXFileReference; fileEncoding = 4; lastKnownFileType = sourcecode.cpp.cpp; name = estring.cpp; path = common/src/estring.cpp; sourceTree = "<group>"; };
		681EE4B717F9A48100952372 /* exception.cpp */ = {isa = PBXFileReference; fileEncoding = 4; lastKnownFileType = sourcecode.cpp.cpp; name = exception.cpp; path = common/src/exception.cpp; sourceTree = "<group>"; };
		681EE4BA17F9A48100952372 /* hash.cpp */ = {isa = PBXFileReference; fileEncoding = 4; lastKnownFileType = sourcecode.cpp.cpp; name = hash.cpp; path = common/src/hash.cpp; sourceTree = "<group>"; };
		681EE4BB17F9A48100952372 /* list.cpp */ = {isa = PBXFileReference; fileEncoding = 4; lastKnownFileType = sourcecode.cpp.cpp; name = list.cpp; path = common/src/list.cpp; sourceTree = "<group>"; };
		681EE4BD17F9A48100952372 /* path.cpp */ = {isa = PBXFileReference; fileEncoding = 4; lastKnownFileType = sourcecode.cpp.cpp; name = path.cpp; path = common/src/path.cpp; sourceTree = "<group>"; };
		681EE4BE17F9A48100952372 /* pch.cpp */ = {isa = PBXFileReference; fileEncoding = 4; lastKnownFileType = sourcecode.cpp.cpp; name = pch.cpp; path = common/src/pch.cpp; sourceTree = "<group>"; };
		681EE4BF17F9A48100952372 /* prime.cpp */ = {isa = PBXFileReference; fileEncoding = 4; lastKnownFileType = sourcecode.cpp.cpp; name = prime.cpp; path = common/src/prime.cpp; sourceTree = "<group>"; };
		681EE4C117F9A48100952372 /* rtti.cpp */ = {isa = PBXFileReference; fileEncoding = 4; lastKnownFileType = sourcecode.cpp.cpp; name = rtti.cpp; path = common/src/rtti.cpp; sourceTree = "<group>"; };
		681EE4C217F9A48100952372 /* rwbuffer.cpp */ = {isa = PBXFileReference; fileEncoding = 4; lastKnownFileType = sourcecode.cpp.cpp; name = rwbuffer.cpp; path = common/src/rwbuffer.cpp; sourceTree = "<group>"; };
		681EE4C317F9A48100952372 /* stack.cpp */ = {isa = PBXFileReference; fileEncoding = 4; lastKnownFileType = sourcecode.cpp.cpp; name = stack.cpp; path = common/src/stack.cpp; sourceTree = "<group>"; };
		681EE4C417F9A48100952372 /* tree.cpp */ = {isa = PBXFileReference; fileEncoding = 4; lastKnownFileType = sourcecode.cpp.cpp; name = tree.cpp; path = common/src/tree.cpp; sourceTree = "<group>"; };
		681EE4C517F9A48100952372 /* xhn_exception.cpp */ = {isa = PBXFileReference; fileEncoding = 4; lastKnownFileType = sourcecode.cpp.cpp; name = xhn_exception.cpp; path = common/src/xhn_exception.cpp; sourceTree = "<group>"; };
		681EE4C617F9A48100952372 /* xhn_garbage_collector.cpp */ = {isa = PBXFileReference; fileEncoding = 4; lastKnownFileType = sourcecode.cpp.cpp; name = xhn_garbage_collector.cpp; path = common/src/xhn_garbage_collector.cpp; sourceTree = "<group>"; };
		681EE4C817F9A48100952372 /* xhn_mem_map.cpp */ = {isa = PBXFileReference; fileEncoding = 4; lastKnownFileType = sourcecode.cpp.cpp; name = xhn_mem_map.cpp; path = common/src/xhn_mem_map.cpp; sourceTree = "<group>"; };
		681EE4C917F9A48100952372 /* xhn_static_string.cpp */ = {isa = PBXFileReference; fileEncoding = 4; lastKnownFileType = sourcecode.cpp.cpp; name = xhn_static_string.cpp; path = common/src/xhn_static_string.cpp; sourceTree = "<group>"; };
		681EE4CA17F9A48100952372 /* xhn_string.cpp */ = {isa = PBXFileReference; fileEncoding = 4; lastKnownFileType = sourcecode.cpp.cpp; name = xhn_string.cpp; path = common/src/xhn_string.cpp; sourceTree = "<group>"; };
		681EE4CC17F9A48100952372 /* xhn_utility.cpp */ = {isa = PBXFileReference; fileEncoding = 4; lastKnownFileType = sourcecode.cpp.cpp; name = xhn_utility.cpp; path = common/src/xhn_utility.cpp; sourceTree = "<group>"; };
		681EE4EA17F9A4A000952372 /* apple_file_manager.h */ = {isa = PBXFileReference; fileEncoding = 4; lastKnownFileType = sourcecode.c.h; name = apple_file_manager.h; path = common/include/apple_file_manager.h; sourceTree = "<group>"; };
		681EE4EB17F9A4A000952372 /* array.h */ = {isa = PBXFileReference; fileEncoding = 4; lastKnownFileType = sourcecode.c.h; name = array.h; path = common/include/array.h; sourceTree = "<group>"; };
		681EE4EC17F9A4A000952372 /* common.h */ = {isa = PBXFileReference; fileEncoding = 4; lastKnownFileType = sourcecode.c.h; name = common.h; path = common/include/common.h; sourceTree = "<group>"; };
		681EE4ED17F9A4A000952372 /* comparison_algorithm.h */ = {isa = PBXFileReference; fileEncoding = 4; lastKnownFileType = sourcecode.c.h; name = comparison_algorithm.h; path = common/include/comparison_algorithm.h; sourceTree = "<group>"; };
		681EE4EE17F9A4A000952372 /* container.h */ = {isa = PBXFileReference; fileEncoding = 4; lastKnownFileType = sourcecode.c.h; name = container.h; path = common/include/container.h; sourceTree = "<group>"; };
		681EE4EF17F9A4A000952372 /* eassert.h */ = {isa = PBXFileReference; fileEncoding = 4; lastKnownFileType = sourcecode.c.h; name = eassert.h; path = common/include/eassert.h; sourceTree = "<group>"; };
		681EE4F017F9A4A000952372 /* elog.h */ = {isa = PBXFileReference; fileEncoding = 4; lastKnownFileType = sourcecode.c.h; name = elog.h; path = common/include/elog.h; sourceTree = "<group>"; };
		681EE4F117F9A4A000952372 /* emem.h */ = {isa = PBXFileReference; fileEncoding = 4; lastKnownFileType = sourcecode.c.h; name = emem.h; path = common/include/emem.h; sourceTree = "<group>"; };
		681EE4F217F9A4A000952372 /* emem.hpp */ = {isa = PBXFileReference; fileEncoding = 4; lastKnownFileType = sourcecode.cpp.h; name = emem.hpp; path = common/include/emem.hpp; sourceTree = "<group>"; };
		681EE4F417F9A4A000952372 /* esignal.h */ = {isa = PBXFileReference; fileEncoding = 4; lastKnownFileType = sourcecode.c.h; name = esignal.h; path = common/include/esignal.h; sourceTree = "<group>"; };
		681EE4F517F9A4A000952372 /* estring.h */ = {isa = PBXFileReference; fileEncoding = 4; lastKnownFileType = sourcecode.c.h; name = estring.h; path = common/include/estring.h; sourceTree = "<group>"; };
		681EE4F617F9A4A000952372 /* etypes.h */ = {isa = PBXFileReference; fileEncoding = 4; lastKnownFileType = sourcecode.c.h; name = etypes.h; path = common/include/etypes.h; sourceTree = "<group>"; };
		681EE4F717F9A4A000952372 /* exception.h */ = {isa = PBXFileReference; fileEncoding = 4; lastKnownFileType = sourcecode.c.h; name = exception.h; path = common/include/exception.h; sourceTree = "<group>"; };
		681EE4FA17F9A4A000952372 /* hash.h */ = {isa = PBXFileReference; fileEncoding = 4; lastKnownFileType = sourcecode.c.h; name = hash.h; path = common/include/hash.h; sourceTree = "<group>"; };
		681EE4FB17F9A4A000952372 /* list_base.h */ = {isa = PBXFileReference; fileEncoding = 4; lastKnownFileType = sourcecode.c.h; name = list_base.h; path = common/include/list_base.h; sourceTree = "<group>"; };
		681EE4FC17F9A4A000952372 /* list.h */ = {isa = PBXFileReference; fileEncoding = 4; lastKnownFileType = sourcecode.c.h; name = list.h; path = common/include/list.h; sourceTree = "<group>"; };
		681EE4FD17F9A4A000952372 /* map.hpp */ = {isa = PBXFileReference; fileEncoding = 4; lastKnownFileType = sourcecode.cpp.h; name = map.hpp; path = common/include/map.hpp; sourceTree = "<group>"; };
		681EE50017F9A4A000952372 /* path.h */ = {isa = PBXFileReference; fileEncoding = 4; lastKnownFileType = sourcecode.c.h; name = path.h; path = common/include/path.h; sourceTree = "<group>"; };
		681EE50117F9A4A000952372 /* pch.h */ = {isa = PBXFileReference; fileEncoding = 4; lastKnownFileType = sourcecode.c.h; name = pch.h; path = common/include/pch.h; sourceTree = "<group>"; };
		681EE50217F9A4A000952372 /* prime.h */ = {isa = PBXFileReference; fileEncoding = 4; lastKnownFileType = sourcecode.c.h; name = prime.h; path = common/include/prime.h; sourceTree = "<group>"; };
		681EE50417F9A4A000952372 /* rtti.hpp */ = {isa = PBXFileReference; fileEncoding = 4; lastKnownFileType = sourcecode.cpp.h; name = rtti.hpp; path = common/include/rtti.hpp; sourceTree = "<group>"; };
		681EE50517F9A4A000952372 /* rwbuffer.h */ = {isa = PBXFileReference; fileEncoding = 4; lastKnownFileType = sourcecode.c.h; name = rwbuffer.h; path = common/include/rwbuffer.h; sourceTree = "<group>"; };
		681EE50617F9A4A000952372 /* spin_lock.h */ = {isa = PBXFileReference; fileEncoding = 4; lastKnownFileType = sourcecode.c.h; name = spin_lock.h; path = common/include/spin_lock.h; sourceTree = "<group>"; };
		681EE50717F9A4A000952372 /* stack.h */ = {isa = PBXFileReference; fileEncoding = 4; lastKnownFileType = sourcecode.c.h; name = stack.h; path = common/include/stack.h; sourceTree = "<group>"; };
		681EE50817F9A4A000952372 /* timer.h */ = {isa = PBXFileReference; fileEncoding = 4; lastKnownFileType = sourcecode.c.h; name = timer.h; path = common/include/timer.h; sourceTree = "<group>"; };
		681EE50917F9A4A000952372 /* tree.h */ = {isa = PBXFileReference; fileEncoding = 4; lastKnownFileType = sourcecode.c.h; name = tree.h; path = common/include/tree.h; sourceTree = "<group>"; };
		681EE50A17F9A4A000952372 /* xhn_atomic_operation.hpp */ = {isa = PBXFileReference; fileEncoding = 4; lastKnownFileType = sourcecode.cpp.h; name = xhn_atomic_operation.hpp; path = common/include/xhn_atomic_operation.hpp; sourceTree = "<group>"; };
		681EE50B17F9A4A000952372 /* xhn_exception.hpp */ = {isa = PBXFileReference; fileEncoding = 4; lastKnownFileType = sourcecode.cpp.h; name = xhn_exception.hpp; path = common/include/xhn_exception.hpp; sourceTree = "<group>"; };
		681EE50C17F9A4A000952372 /* xhn_garbage_collector.hpp */ = {isa = PBXFileReference; fileEncoding = 4; lastKnownFileType = sourcecode.cpp.h; name = xhn_garbage_collector.hpp; path = common/include/xhn_garbage_collector.hpp; sourceTree = "<group>"; };
		681EE50D17F9A4A000952372 /* xhn_hash_map.hpp */ = {isa = PBXFileReference; fileEncoding = 4; lastKnownFileType = sourcecode.cpp.h; name = xhn_hash_map.hpp; path = common/include/xhn_hash_map.hpp; sourceTree = "<group>"; };
		681EE50E17F9A4A000952372 /* xhn_hash_set.hpp */ = {isa = PBXFileReference; fileEncoding = 4; lastKnownFileType = sourcecode.cpp.h; name = xhn_hash_set.hpp; path = common/include/xhn_hash_set.hpp; sourceTree = "<group>"; };
		681EE50F17F9A4A000952372 /* xhn_iterator.hpp */ = {isa = PBXFileReference; fileEncoding = 4; lastKnownFileType = sourcecode.cpp.h; name = xhn_iterator.hpp; path = common/include/xhn_iterator.hpp; sourceTree = "<group>"; };
		681EE51017F9A4A000952372 /* xhn_list.hpp */ = {isa = PBXFileReference; fileEncoding = 4; lastKnownFileType = sourcecode.cpp.h; name = xhn_list.hpp; path = common/include/xhn_list.hpp; sourceTree = "<group>"; };
		681EE51117F9A4A000952372 /* xhn_lock.hpp */ = {isa = PBXFileReference; fileEncoding = 4; lastKnownFileType = sourcecode.cpp.h; name = xhn_lock.hpp; path = common/include/xhn_lock.hpp; sourceTree = "<group>"; };
		681EE51217F9A4A000952372 /* xhn_map.hpp */ = {isa = PBXFileReference; fileEncoding = 4; lastKnownFileType = sourcecode.cpp.h; name = xhn_map.hpp; path = common/include/xhn_map.hpp; sourceTree = "<group>"; };
		681EE51417F9A4A000952372 /* xhn_mem_map.hpp */ = {isa = PBXFileReference; fileEncoding = 4; lastKnownFileType = sourcecode.cpp.h; name = xhn_mem_map.hpp; path = common/include/xhn_mem_map.hpp; sourceTree = "<group>"; };
		681EE51517F9A4A000952372 /* xhn_pair.hpp */ = {isa = PBXFileReference; fileEncoding = 4; lastKnownFileType = sourcecode.cpp.h; name = xhn_pair.hpp; path = common/include/xhn_pair.hpp; sourceTree = "<group>"; };
		681EE51617F9A4A000952372 /* xhn_rbtree.hpp */ = {isa = PBXFileReference; fileEncoding = 4; lastKnownFileType = sourcecode.cpp.h; name = xhn_rbtree.hpp; path = common/include/xhn_rbtree.hpp; sourceTree = "<group>"; };
		681EE51717F9A4A000952372 /* xhn_set.hpp */ = {isa = PBXFileReference; fileEncoding = 4; lastKnownFileType = sourcecode.cpp.h; name = xhn_set.hpp; path = common/include/xhn_set.hpp; sourceTree = "<group>"; };
		681EE51817F9A4A000952372 /* xhn_smart_ptr.hpp */ = {isa = PBXFileReference; fileEncoding = 4; lastKnownFileType = sourcecode.cpp.h; name = xhn_smart_ptr.hpp; path = common/include/xhn_smart_ptr.hpp; sourceTree = "<group>"; };
		681EE51917F9A4A000952372 /* xhn_static_string.hpp */ = {isa = PBXFileReference; fileEncoding = 4; lastKnownFileType = sourcecode.cpp.h; name = xhn_static_string.hpp; path = common/include/xhn_static_string.hpp; sourceTree = "<group>"; };
		681EE51A17F9A4A000952372 /* xhn_string_base.hpp */ = {isa = PBXFileReference; fileEncoding = 4; lastKnownFileType = sourcecode.cpp.h; name = xhn_string_base.hpp; path = common/include/xhn_string_base.hpp; sourceTree = "<group>"; };
		681EE51B17F9A4A000952372 /* xhn_string.hpp */ = {isa = PBXFileReference; fileEncoding = 4; lastKnownFileType = sourcecode.cpp.h; name = xhn_string.hpp; path = common/include/xhn_string.hpp; sourceTree = "<group>"; };
		681EE51D17F9A4A000952372 /* xhn_utility.hpp */ = {isa = PBXFileReference; fileEncoding = 4; lastKnownFileType = sourcecode.cpp.h; name = xhn_utility.hpp; path = common/include/xhn_utility.hpp; sourceTree = "<group>"; };
		681EE51E17F9A4A000952372 /* xhn_vector.hpp */ = {isa = PBXFileReference; fileEncoding = 4; lastKnownFileType = sourcecode.cpp.h; name = xhn_vector.hpp; path = common/include/xhn_vector.hpp; sourceTree = "<group>"; };
		681EE51F17F9A4A000952372 /* xhn_void_vector.hpp */ = {isa = PBXFileReference; fileEncoding = 4; lastKnownFileType = sourcecode.cpp.h; name = xhn_void_vector.hpp; path = common/include/xhn_void_vector.hpp; sourceTree = "<group>"; };
		681EE52017F9A4B000952372 /* robot_thread.h */ = {isa = PBXFileReference; fileEncoding = 4; lastKnownFileType = sourcecode.c.h; name = robot_thread.h; path = framework/include/robot_thread.h; sourceTree = "<group>"; };
		681EE52117F9A4B000952372 /* robot.h */ = {isa = PBXFileReference; fileEncoding = 4; lastKnownFileType = sourcecode.c.h; name = robot.h; path = framework/include/robot.h; sourceTree = "<group>"; };
		681EE52217F9A4BA00952372 /* robot_thread.cpp */ = {isa = PBXFileReference; fileEncoding = 4; lastKnownFileType = sourcecode.cpp.cpp; name = robot_thread.cpp; path = framework/src/robot_thread.cpp; sourceTree = "<group>"; };
		681EE52317F9A4BA00952372 /* robot.cpp */ = {isa = PBXFileReference; fileEncoding = 4; lastKnownFileType = sourcecode.cpp.cpp; name = robot.cpp; path = framework/src/robot.cpp; sourceTree = "<group>"; };
		681EE52617F9A52000952372 /* Xgc.cpp */ = {isa = PBXFileReference; fileEncoding = 4; lastKnownFileType = sourcecode.cpp.cpp; path = Xgc.cpp; sourceTree = "<group>"; };
		68F877B817F9A3F500FAA0DF /* Xgc */ = {isa = PBXFileReference; explicitFileType = "compiled.mach-o.executable"; includeInIndex = 0; path = Xgc; sourceTree = BUILT_PRODUCTS_DIR; };
		68F877BD17F9A3F500FAA0DF /* Xgc.1 */ = {isa = PBXFileReference; lastKnownFileType = text.man; path = Xgc.1; sourceTree = "<group>"; };
/* End PBXFileReference section */

/* Begin PBXFrameworksBuildPhase section */
		68F877B517F9A3F500FAA0DF /* Frameworks */ = {
			isa = PBXFrameworksBuildPhase;
			buildActionMask = 2147483647;
			files = (
			);
			runOnlyForDeploymentPostprocessing = 0;
		};
/* End PBXFrameworksBuildPhase section */

/* Begin PBXGroup section */
		681EE4AE17F9A45800952372 /* common */ = {
			isa = PBXGroup;
			children = (
				681EE4EA17F9A4A000952372 /* apple_file_manager.h */,
				681EE4EB17F9A4A000952372 /* array.h */,
				681EE4EC17F9A4A000952372 /* common.h */,
				681EE4ED17F9A4A000952372 /* comparison_algorithm.h */,
				681EE4EE17F9A4A000952372 /* container.h */,
				681EE4EF17F9A4A000952372 /* eassert.h */,
				681EE4F017F9A4A000952372 /* elog.h */,
				681EE4F117F9A4A000952372 /* emem.h */,
				681EE4F217F9A4A000952372 /* emem.hpp */,
				681EE4F417F9A4A000952372 /* esignal.h */,
				681EE4F517F9A4A000952372 /* estring.h */,
				681EE4F617F9A4A000952372 /* etypes.h */,
				681EE4F717F9A4A000952372 /* exception.h */,
				681EE4FA17F9A4A000952372 /* hash.h */,
				681EE4FB17F9A4A000952372 /* list_base.h */,
				681EE4FC17F9A4A000952372 /* list.h */,
				681EE4FD17F9A4A000952372 /* map.hpp */,
				681EE50017F9A4A000952372 /* path.h */,
				681EE50117F9A4A000952372 /* pch.h */,
				681EE50217F9A4A000952372 /* prime.h */,
				681EE50417F9A4A000952372 /* rtti.hpp */,
				681EE50517F9A4A000952372 /* rwbuffer.h */,
				681EE50617F9A4A000952372 /* spin_lock.h */,
				681EE50717F9A4A000952372 /* stack.h */,
				681EE50817F9A4A000952372 /* timer.h */,
				681EE50917F9A4A000952372 /* tree.h */,
				681EE50A17F9A4A000952372 /* xhn_atomic_operation.hpp */,
				681EE50B17F9A4A000952372 /* xhn_exception.hpp */,
				681EE50C17F9A4A000952372 /* xhn_garbage_collector.hpp */,
				681EE50D17F9A4A000952372 /* xhn_hash_map.hpp */,
				681EE50E17F9A4A000952372 /* xhn_hash_set.hpp */,
				681EE50F17F9A4A000952372 /* xhn_iterator.hpp */,
				681EE51017F9A4A000952372 /* xhn_list.hpp */,
				681EE51117F9A4A000952372 /* xhn_lock.hpp */,
				681EE51217F9A4A000952372 /* xhn_map.hpp */,
				681EE51417F9A4A000952372 /* xhn_mem_map.hpp */,
				681EE51517F9A4A000952372 /* xhn_pair.hpp */,
				681EE51617F9A4A000952372 /* xhn_rbtree.hpp */,
				681EE51717F9A4A000952372 /* xhn_set.hpp */,
				681EE51817F9A4A000952372 /* xhn_smart_ptr.hpp */,
				681EE51917F9A4A000952372 /* xhn_static_string.hpp */,
				681EE51A17F9A4A000952372 /* xhn_string_base.hpp */,
				681EE51B17F9A4A000952372 /* xhn_string.hpp */,
				681EE51D17F9A4A000952372 /* xhn_utility.hpp */,
				681EE51E17F9A4A000952372 /* xhn_vector.hpp */,
				681EE51F17F9A4A000952372 /* xhn_void_vector.hpp */,
				681EE4B017F9A48100952372 /* apple_file_manager.mm */,
				681EE4B117F9A48100952372 /* eassert.cpp */,
				681EE4B217F9A48100952372 /* elog.cpp */,
				681EE4B417F9A48100952372 /* emem.cpp */,
				681EE4B617F9A48100952372 /* estring.cpp */,
				681EE4B717F9A48100952372 /* exception.cpp */,
				681EE4BA17F9A48100952372 /* hash.cpp */,
				681EE4BB17F9A48100952372 /* list.cpp */,
				681EE4BD17F9A48100952372 /* path.cpp */,
				681EE4BE17F9A48100952372 /* pch.cpp */,
				681EE4BF17F9A48100952372 /* prime.cpp */,
				681EE4C117F9A48100952372 /* rtti.cpp */,
				681EE4C217F9A48100952372 /* rwbuffer.cpp */,
				681EE4C317F9A48100952372 /* stack.cpp */,
				681EE4C417F9A48100952372 /* tree.cpp */,
				681EE4C517F9A48100952372 /* xhn_exception.cpp */,
				681EE4C617F9A48100952372 /* xhn_garbage_collector.cpp */,
				681EE4C817F9A48100952372 /* xhn_mem_map.cpp */,
				681EE4C917F9A48100952372 /* xhn_static_string.cpp */,
				681EE4CA17F9A48100952372 /* xhn_string.cpp */,
				681EE4CC17F9A48100952372 /* xhn_utility.cpp */,
			);
			name = common;
			sourceTree = "<group>";
		};
		681EE4AF17F9A46000952372 /* framework */ = {
			isa = PBXGroup;
			children = (
				681EE52217F9A4BA00952372 /* robot_thread.cpp */,
				681EE52317F9A4BA00952372 /* robot.cpp */,
				681EE52017F9A4B000952372 /* robot_thread.h */,
				681EE52117F9A4B000952372 /* robot.h */,
			);
			name = framework;
			sourceTree = "<group>";
		};
		68F877AF17F9A3F500FAA0DF = {
			isa = PBXGroup;
			children = (
				681EE4AF17F9A46000952372 /* framework */,
				681EE4AE17F9A45800952372 /* common */,
				68F877BA17F9A3F500FAA0DF /* Xgc */,
				68F877B917F9A3F500FAA0DF /* Products */,
			);
			sourceTree = "<group>";
		};
		68F877B917F9A3F500FAA0DF /* Products */ = {
			isa = PBXGroup;
			children = (
				68F877B817F9A3F500FAA0DF /* Xgc */,
			);
			name = Products;
			sourceTree = "<group>";
		};
		68F877BA17F9A3F500FAA0DF /* Xgc */ = {
			isa = PBXGroup;
			children = (
				681EE52617F9A52000952372 /* Xgc.cpp */,
				68F877BD17F9A3F500FAA0DF /* Xgc.1 */,
			);
			path = Xgc;
			sourceTree = "<group>";
		};
/* End PBXGroup section */

/* Begin PBXNativeTarget section */
		68F877B717F9A3F500FAA0DF /* Xgc */ = {
			isa = PBXNativeTarget;
			buildConfigurationList = 68F877C117F9A3F500FAA0DF /* Build configuration list for PBXNativeTarget "Xgc" */;
			buildPhases = (
				68F877B417F9A3F500FAA0DF /* Sources */,
				68F877B517F9A3F500FAA0DF /* Frameworks */,
				68F877B617F9A3F500FAA0DF /* CopyFiles */,
			);
			buildRules = (
			);
			dependencies = (
			);
			name = Xgc;
			productName = Xgc;
			productReference = 68F877B817F9A3F500FAA0DF /* Xgc */;
			productType = "com.apple.product-type.tool";
		};
/* End PBXNativeTarget section */

/* Begin PBXProject section */
		68F877B017F9A3F500FAA0DF /* Project object */ = {
			isa = PBXProject;
			attributes = {
				LastUpgradeCheck = 0500;
				ORGANIZATIONNAME = "徐 海宁";
			};
			buildConfigurationList = 68F877B317F9A3F500FAA0DF /* Build configuration list for PBXProject "Xgc" */;
			compatibilityVersion = "Xcode 3.2";
			developmentRegion = English;
			hasScannedForEncodings = 0;
			knownRegions = (
				en,
			);
			mainGroup = 68F877AF17F9A3F500FAA0DF;
			productRefGroup = 68F877B917F9A3F500FAA0DF /* Products */;
			projectDirPath = "";
			projectRoot = "";
			targets = (
				68F877B717F9A3F500FAA0DF /* Xgc */,
			);
		};
/* End PBXProject section */

/* Begin PBXSourcesBuildPhase section */
		68F877B417F9A3F500FAA0DF /* Sources */ = {
			isa = PBXSourcesBuildPhase;
			buildActionMask = 2147483647;
			files = (
				681EE52517F9A4BA00952372 /* robot.cpp in Sources */,
				681EE4E017F9A48100952372 /* stack.cpp in Sources */,
				681EE4D317F9A48100952372 /* estring.cpp in Sources */,
				681EE4E517F9A48100952372 /* xhn_mem_map.cpp in Sources */,
				681EE4DC17F9A48100952372 /* prime.cpp in Sources */,
				681EE4CF17F9A48100952372 /* elog.cpp in Sources */,
				681EE4E917F9A48100952372 /* xhn_utility.cpp in Sources */,
				681EE52417F9A4BA00952372 /* robot_thread.cpp in Sources */,
				681EE4DB17F9A48100952372 /* pch.cpp in Sources */,
				681EE4E117F9A48100952372 /* tree.cpp in Sources */,
				681EE4CE17F9A48100952372 /* eassert.cpp in Sources */,
				681EE4D717F9A48100952372 /* hash.cpp in Sources */,
				681EE4CD17F9A48100952372 /* apple_file_manager.mm in Sources */,
				681EE4DA17F9A48100952372 /* path.cpp in Sources */,
				681EE4E217F9A48100952372 /* xhn_exception.cpp in Sources */,
				681EE4DE17F9A48100952372 /* rtti.cpp in Sources */,
				681EE4D817F9A48100952372 /* list.cpp in Sources */,
				681EE4DF17F9A48100952372 /* rwbuffer.cpp in Sources */,
				681EE52717F9A52000952372 /* Xgc.cpp in Sources */,
				681EE4E617F9A48100952372 /* xhn_static_string.cpp in Sources */,
				681EE4D117F9A48100952372 /* emem.cpp in Sources */,
				681EE4E317F9A48100952372 /* xhn_garbage_collector.cpp in Sources */,
				681EE4D417F9A48100952372 /* exception.cpp in Sources */,
				681EE4E717F9A48100952372 /* xhn_string.cpp in Sources */,
			);
			runOnlyForDeploymentPostprocessing = 0;
		};
/* End PBXSourcesBuildPhase section */

/* Begin XCBuildConfiguration section */
		68F877BF17F9A3F500FAA0DF /* Debug */ = {
			isa = XCBuildConfiguration;
			buildSettings = {
				ALWAYS_SEARCH_USER_PATHS = NO;
				CLANG_CXX_LANGUAGE_STANDARD = "gnu++0x";
				CLANG_CXX_LIBRARY = "libc++";
				CLANG_ENABLE_OBJC_ARC = YES;
				CLANG_WARN_BOOL_CONVERSION = YES;
				CLANG_WARN_CONSTANT_CONVERSION = YES;
				CLANG_WARN_DIRECT_OBJC_ISA_USAGE = YES_ERROR;
				CLANG_WARN_EMPTY_BODY = YES;
				CLANG_WARN_ENUM_CONVERSION = YES;
				CLANG_WARN_INT_CONVERSION = YES;
				CLANG_WARN_OBJC_ROOT_CLASS = YES_ERROR;
				CLANG_WARN__DUPLICATE_METHOD_MATCH = YES;
				COPY_PHASE_STRIP = NO;
				GCC_C_LANGUAGE_STANDARD = gnu99;
				GCC_DYNAMIC_NO_PIC = NO;
				GCC_ENABLE_OBJC_EXCEPTIONS = YES;
				GCC_OPTIMIZATION_LEVEL = 0;
				GCC_PREPROCESSOR_DEFINITIONS = (
					"DEBUG=1",
					"$(inherited)",
				);
				GCC_SYMBOLS_PRIVATE_EXTERN = NO;
				GCC_WARN_64_TO_32_BIT_CONVERSION = YES;
				GCC_WARN_ABOUT_RETURN_TYPE = YES_ERROR;
				GCC_WARN_UNDECLARED_SELECTOR = YES;
				GCC_WARN_UNINITIALIZED_AUTOS = YES;
				GCC_WARN_UNUSED_FUNCTION = YES;
				GCC_WARN_UNUSED_VARIABLE = YES;
				MACOSX_DEPLOYMENT_TARGET = 10.8;
				ONLY_ACTIVE_ARCH = YES;
				SDKROOT = macosx;
			};
			name = Debug;
		};
		68F877C017F9A3F500FAA0DF /* Release */ = {
			isa = XCBuildConfiguration;
			buildSettings = {
				ALWAYS_SEARCH_USER_PATHS = NO;
				CLANG_CXX_LANGUAGE_STANDARD = "gnu++0x";
				CLANG_CXX_LIBRARY = "libc++";
				CLANG_ENABLE_OBJC_ARC = YES;
				CLANG_WARN_BOOL_CONVERSION = YES;
				CLANG_WARN_CONSTANT_CONVERSION = YES;
				CLANG_WARN_DIRECT_OBJC_ISA_USAGE = YES_ERROR;
				CLANG_WARN_EMPTY_BODY = YES;
				CLANG_WARN_ENUM_CONVERSION = YES;
				CLANG_WARN_INT_CONVERSION = YES;
				CLANG_WARN_OBJC_ROOT_CLASS = YES_ERROR;
				CLANG_WARN__DUPLICATE_METHOD_MATCH = YES;
				COPY_PHASE_STRIP = YES;
				DEBUG_INFORMATION_FORMAT = "dwarf-with-dsym";
				ENABLE_NS_ASSERTIONS = NO;
				GCC_C_LANGUAGE_STANDARD = gnu99;
				GCC_ENABLE_OBJC_EXCEPTIONS = YES;
				GCC_WARN_64_TO_32_BIT_CONVERSION = YES;
				GCC_WARN_ABOUT_RETURN_TYPE = YES_ERROR;
				GCC_WARN_UNDECLARED_SELECTOR = YES;
				GCC_WARN_UNINITIALIZED_AUTOS = YES;
				GCC_WARN_UNUSED_FUNCTION = YES;
				GCC_WARN_UNUSED_VARIABLE = YES;
				MACOSX_DEPLOYMENT_TARGET = 10.8;
				SDKROOT = macosx;
			};
			name = Release;
		};
		68F877C217F9A3F500FAA0DF /* Debug */ = {
			isa = XCBuildConfiguration;
			buildSettings = {
				PRODUCT_NAME = "$(TARGET_NAME)";
			};
			name = Debug;
		};
		68F877C317F9A3F500FAA0DF /* Release */ = {
			isa = XCBuildConfiguration;
			buildSettings = {
				PRODUCT_NAME = "$(TARGET_NAME)";
			};
			name = Release;
		};
/* End XCBuildConfiguration section */

/* Begin XCConfigurationList section */
		68F877B317F9A3F500FAA0DF /* Build configuration list for PBXProject "Xgc" */ = {
			isa = XCConfigurationList;
			buildConfigurations = (
				68F877BF17F9A3F500FAA0DF /* Debug */,
				68F877C017F9A3F500FAA0DF /* Release */,
			);
			defaultConfigurationIsVisible = 0;
			defaultConfigurationName = Release;
		};
		68F877C117F9A3F500FAA0DF /* Build configuration list for PBXNativeTarget "Xgc" */ = {
			isa = XCConfigurationList;
			buildConfigurations = (
				68F877C217F9A3F500FAA0DF /* Debug */,
				68F877C317F9A3F500FAA0DF /* Release */,
			);
			defaultConfigurationIsVisible = 0;
			defaultConfigurationName = Release;
		};
/* End XCConfigurationList section */
	};
	rootObject = 68F877B017F9A3F500FAA0DF /* Project object */;
}
